<?xml version="1.0" encoding="utf-8"?>
<Project ToolsVersion="4.0" xmlns="http://schemas.microsoft.com/developer/msbuild/2003">
  <ItemGroup>
    <Filter Include="源文件">
      <UniqueIdentifier>{4FC737F1-C7A5-4376-A066-2A32D752A2FF}</UniqueIdentifier>
      <Extensions>cpp;c;cc;cxx;def;odl;idl;hpj;bat;asm;asmx</Extensions>
    </Filter>
    <Filter Include="头文件">
      <UniqueIdentifier>{93995380-89BD-4b04-88EB-625FBE52EBFB}</UniqueIdentifier>
      <Extensions>h;hh;hpp;hxx;hm;inl;inc;ipp;xsd</Extensions>
    </Filter>
    <Filter Include="资源文件">
      <UniqueIdentifier>{67DA6AB6-F800-4c08-8B7A-83BB121AAD01}</UniqueIdentifier>
      <Extensions>rc;ico;cur;bmp;dlg;rc2;rct;bin;rgs;gif;jpg;jpeg;jpe;resx;tiff;tif;png;wav;mfcribbon-ms</Extensions>
    </Filter>
  </ItemGroup>
  <ItemGroup>
    <ClInclude Include="framework.h">
      <Filter>头文件</Filter>
    </ClInclude>
    <ClInclude Include="pch.h">
      <Filter>头文件</Filter>
    </ClInclude>
    <ClInclude Include="spine-cpp\include\spine\Animation.h">
      <Filter>头文件</Filter>
    </ClInclude>
    <ClInclude Include="spine-cpp\include\spine\AnimationState.h">
      <Filter>头文件</Filter>
    </ClInclude>
    <ClInclude Include="spine-cpp\include\spine\AnimationStateData.h">
      <Filter>头文件</Filter>
    </ClInclude>
    <ClInclude Include="spine-cpp\include\spine\Atlas.h">
      <Filter>头文件</Filter>
    </ClInclude>
    <ClInclude Include="spine-cpp\include\spine\AtlasAttachmentLoader.h">
      <Filter>头文件</Filter>
    </ClInclude>
    <ClInclude Include="spine-cpp\include\spine\Attachment.h">
      <Filter>头文件</Filter>
    </ClInclude>
    <ClInclude Include="spine-cpp\include\spine\AttachmentLoader.h">
      <Filter>头文件</Filter>
    </ClInclude>
    <ClInclude Include="spine-cpp\include\spine\AttachmentTimeline.h">
      <Filter>头文件</Filter>
    </ClInclude>
    <ClInclude Include="spine-cpp\include\spine\AttachmentType.h">
      <Filter>头文件</Filter>
    </ClInclude>
    <ClInclude Include="spine-cpp\include\spine\BlendMode.h">
      <Filter>头文件</Filter>
    </ClInclude>
    <ClInclude Include="spine-cpp\include\spine\Bone.h">
      <Filter>头文件</Filter>
    </ClInclude>
    <ClInclude Include="spine-cpp\include\spine\BoneData.h">
      <Filter>头文件</Filter>
    </ClInclude>
    <ClInclude Include="spine-cpp\include\spine\BoundingBoxAttachment.h">
      <Filter>头文件</Filter>
    </ClInclude>
    <ClInclude Include="spine-cpp\include\spine\ClippingAttachment.h">
      <Filter>头文件</Filter>
    </ClInclude>
    <ClInclude Include="spine-cpp\include\spine\Color.h">
      <Filter>头文件</Filter>
    </ClInclude>
    <ClInclude Include="spine-cpp\include\spine\ColorTimeline.h">
      <Filter>头文件</Filter>
    </ClInclude>
    <ClInclude Include="spine-cpp\include\spine\ConstraintData.h">
      <Filter>头文件</Filter>
    </ClInclude>
    <ClInclude Include="spine-cpp\include\spine\ContainerUtil.h">
      <Filter>头文件</Filter>
    </ClInclude>
    <ClInclude Include="spine-cpp\include\spine\CurveTimeline.h">
      <Filter>头文件</Filter>
    </ClInclude>
    <ClInclude Include="spine-cpp\include\spine\Debug.h">
      <Filter>头文件</Filter>
    </ClInclude>
    <ClInclude Include="spine-cpp\include\spine\DeformTimeline.h">
      <Filter>头文件</Filter>
    </ClInclude>
    <ClInclude Include="spine-cpp\include\spine\dll.h">
      <Filter>头文件</Filter>
    </ClInclude>
    <ClInclude Include="spine-cpp\include\spine\DrawOrderTimeline.h">
      <Filter>头文件</Filter>
    </ClInclude>
    <ClInclude Include="spine-cpp\include\spine\Event.h">
      <Filter>头文件</Filter>
    </ClInclude>
    <ClInclude Include="spine-cpp\include\spine\EventData.h">
      <Filter>头文件</Filter>
    </ClInclude>
    <ClInclude Include="spine-cpp\include\spine\EventTimeline.h">
      <Filter>头文件</Filter>
    </ClInclude>
    <ClInclude Include="spine-cpp\include\spine\Extension.h">
      <Filter>头文件</Filter>
    </ClInclude>
    <ClInclude Include="spine-cpp\include\spine\HashMap.h">
      <Filter>头文件</Filter>
    </ClInclude>
    <ClInclude Include="spine-cpp\include\spine\HasRendererObject.h">
      <Filter>头文件</Filter>
    </ClInclude>
    <ClInclude Include="spine-cpp\include\spine\IkConstraint.h">
      <Filter>头文件</Filter>
    </ClInclude>
    <ClInclude Include="spine-cpp\include\spine\IkConstraintData.h">
      <Filter>头文件</Filter>
    </ClInclude>
    <ClInclude Include="spine-cpp\include\spine\IkConstraintTimeline.h">
      <Filter>头文件</Filter>
    </ClInclude>
    <ClInclude Include="spine-cpp\include\spine\Json.h">
      <Filter>头文件</Filter>
    </ClInclude>
    <ClInclude Include="spine-cpp\include\spine\LinkedMesh.h">
      <Filter>头文件</Filter>
    </ClInclude>
    <ClInclude Include="spine-cpp\include\spine\MathUtil.h">
      <Filter>头文件</Filter>
    </ClInclude>
    <ClInclude Include="spine-cpp\include\spine\MeshAttachment.h">
      <Filter>头文件</Filter>
    </ClInclude>
    <ClInclude Include="spine-cpp\include\spine\MixBlend.h">
      <Filter>头文件</Filter>
    </ClInclude>
    <ClInclude Include="spine-cpp\include\spine\MixDirection.h">
      <Filter>头文件</Filter>
    </ClInclude>
    <ClInclude Include="spine-cpp\include\spine\PathAttachment.h">
      <Filter>头文件</Filter>
    </ClInclude>
    <ClInclude Include="spine-cpp\include\spine\PathConstraint.h">
      <Filter>头文件</Filter>
    </ClInclude>
    <ClInclude Include="spine-cpp\include\spine\PathConstraintData.h">
      <Filter>头文件</Filter>
    </ClInclude>
    <ClInclude Include="spine-cpp\include\spine\PathConstraintMixTimeline.h">
      <Filter>头文件</Filter>
    </ClInclude>
    <ClInclude Include="spine-cpp\include\spine\PathConstraintPositionTimeline.h">
      <Filter>头文件</Filter>
    </ClInclude>
    <ClInclude Include="spine-cpp\include\spine\PathConstraintSpacingTimeline.h">
      <Filter>头文件</Filter>
    </ClInclude>
    <ClInclude Include="spine-cpp\include\spine\PointAttachment.h">
      <Filter>头文件</Filter>
    </ClInclude>
    <ClInclude Include="spine-cpp\include\spine\Pool.h">
      <Filter>头文件</Filter>
    </ClInclude>
    <ClInclude Include="spine-cpp\include\spine\PositionMode.h">
      <Filter>头文件</Filter>
    </ClInclude>
    <ClInclude Include="spine-cpp\include\spine\RegionAttachment.h">
      <Filter>头文件</Filter>
    </ClInclude>
    <ClInclude Include="spine-cpp\include\spine\RotateMode.h">
      <Filter>头文件</Filter>
    </ClInclude>
    <ClInclude Include="spine-cpp\include\spine\RotateTimeline.h">
      <Filter>头文件</Filter>
    </ClInclude>
    <ClInclude Include="spine-cpp\include\spine\RTTI.h">
      <Filter>头文件</Filter>
    </ClInclude>
    <ClInclude Include="spine-cpp\include\spine\ScaleTimeline.h">
      <Filter>头文件</Filter>
    </ClInclude>
    <ClInclude Include="spine-cpp\include\spine\ShearTimeline.h">
      <Filter>头文件</Filter>
    </ClInclude>
    <ClInclude Include="spine-cpp\include\spine\Skeleton.h">
      <Filter>头文件</Filter>
    </ClInclude>
    <ClInclude Include="spine-cpp\include\spine\SkeletonBinary.h">
      <Filter>头文件</Filter>
    </ClInclude>
    <ClInclude Include="spine-cpp\include\spine\SkeletonBounds.h">
      <Filter>头文件</Filter>
    </ClInclude>
    <ClInclude Include="spine-cpp\include\spine\SkeletonClipping.h">
      <Filter>头文件</Filter>
    </ClInclude>
    <ClInclude Include="spine-cpp\include\spine\SkeletonData.h">
      <Filter>头文件</Filter>
    </ClInclude>
    <ClInclude Include="spine-cpp\include\spine\SkeletonJson.h">
      <Filter>头文件</Filter>
    </ClInclude>
    <ClInclude Include="spine-cpp\include\spine\Skin.h">
      <Filter>头文件</Filter>
    </ClInclude>
    <ClInclude Include="spine-cpp\include\spine\Slot.h">
      <Filter>头文件</Filter>
    </ClInclude>
    <ClInclude Include="spine-cpp\include\spine\SlotData.h">
      <Filter>头文件</Filter>
    </ClInclude>
    <ClInclude Include="spine-cpp\include\spine\SpacingMode.h">
      <Filter>头文件</Filter>
    </ClInclude>
    <ClInclude Include="spine-cpp\include\spine\spine.h">
      <Filter>头文件</Filter>
    </ClInclude>
    <ClInclude Include="spine-cpp\include\spine\SpineObject.h">
      <Filter>头文件</Filter>
    </ClInclude>
    <ClInclude Include="spine-cpp\include\spine\SpineString.h">
      <Filter>头文件</Filter>
    </ClInclude>
    <ClInclude Include="spine-cpp\include\spine\TextureLoader.h">
      <Filter>头文件</Filter>
    </ClInclude>
    <ClInclude Include="spine-cpp\include\spine\Timeline.h">
      <Filter>头文件</Filter>
    </ClInclude>
    <ClInclude Include="spine-cpp\include\spine\TimelineType.h">
      <Filter>头文件</Filter>
    </ClInclude>
    <ClInclude Include="spine-cpp\include\spine\TransformConstraint.h">
      <Filter>头文件</Filter>
    </ClInclude>
    <ClInclude Include="spine-cpp\include\spine\TransformConstraintData.h">
      <Filter>头文件</Filter>
    </ClInclude>
    <ClInclude Include="spine-cpp\include\spine\TransformConstraintTimeline.h">
      <Filter>头文件</Filter>
    </ClInclude>
    <ClInclude Include="spine-cpp\include\spine\TransformMode.h">
      <Filter>头文件</Filter>
    </ClInclude>
    <ClInclude Include="spine-cpp\include\spine\TranslateTimeline.h">
      <Filter>头文件</Filter>
    </ClInclude>
    <ClInclude Include="spine-cpp\include\spine\Triangulator.h">
      <Filter>头文件</Filter>
    </ClInclude>
    <ClInclude Include="spine-cpp\include\spine\TwoColorTimeline.h">
      <Filter>头文件</Filter>
    </ClInclude>
    <ClInclude Include="spine-cpp\include\spine\Updatable.h">
      <Filter>头文件</Filter>
    </ClInclude>
    <ClInclude Include="spine-cpp\include\spine\Vector.h">
      <Filter>头文件</Filter>
    </ClInclude>
    <ClInclude Include="spine-cpp\include\spine\VertexAttachment.h">
      <Filter>头文件</Filter>
    </ClInclude>
    <ClInclude Include="spine-cpp\include\spine\VertexEffect.h">
      <Filter>头文件</Filter>
    </ClInclude>
    <ClInclude Include="spine-cpp\include\spine\Vertices.h">
      <Filter>头文件</Filter>
    </ClInclude>
    <ClInclude Include="spineInterface\spine.h">
      <Filter>头文件</Filter>
    </ClInclude>
  </ItemGroup>
  <ItemGroup>
    <ClCompile Include="dllmain.cpp">
      <Filter>源文件</Filter>
    </ClCompile>
    <ClCompile Include="pch.cpp">
      <Filter>源文件</Filter>
    </ClCompile>
    <ClCompile Include="spine-cpp\src\spine\Animation.cpp">
      <Filter>源文件</Filter>
    </ClCompile>
    <ClCompile Include="spine-cpp\src\spine\AnimationState.cpp">
      <Filter>源文件</Filter>
    </ClCompile>
    <ClCompile Include="spine-cpp\src\spine\AnimationStateData.cpp">
      <Filter>源文件</Filter>
    </ClCompile>
    <ClCompile Include="spine-cpp\src\spine\Atlas.cpp">
      <Filter>源文件</Filter>
    </ClCompile>
    <ClCompile Include="spine-cpp\src\spine\AtlasAttachmentLoader.cpp">
      <Filter>源文件</Filter>
    </ClCompile>
    <ClCompile Include="spine-cpp\src\spine\Attachment.cpp">
      <Filter>源文件</Filter>
    </ClCompile>
    <ClCompile Include="spine-cpp\src\spine\AttachmentLoader.cpp">
      <Filter>源文件</Filter>
    </ClCompile>
    <ClCompile Include="spine-cpp\src\spine\AttachmentTimeline.cpp">
      <Filter>源文件</Filter>
    </ClCompile>
    <ClCompile Include="spine-cpp\src\spine\Bone.cpp">
      <Filter>源文件</Filter>
    </ClCompile>
    <ClCompile Include="spine-cpp\src\spine\BoneData.cpp">
      <Filter>源文件</Filter>
    </ClCompile>
    <ClCompile Include="spine-cpp\src\spine\BoundingBoxAttachment.cpp">
      <Filter>源文件</Filter>
    </ClCompile>
    <ClCompile Include="spine-cpp\src\spine\ClippingAttachment.cpp">
      <Filter>源文件</Filter>
    </ClCompile>
    <ClCompile Include="spine-cpp\src\spine\ColorTimeline.cpp">
      <Filter>源文件</Filter>
    </ClCompile>
    <ClCompile Include="spine-cpp\src\spine\ConstraintData.cpp">
      <Filter>源文件</Filter>
    </ClCompile>
    <ClCompile Include="spine-cpp\src\spine\CurveTimeline.cpp">
      <Filter>源文件</Filter>
    </ClCompile>
    <ClCompile Include="spine-cpp\src\spine\DeformTimeline.cpp">
      <Filter>源文件</Filter>
    </ClCompile>
    <ClCompile Include="spine-cpp\src\spine\DrawOrderTimeline.cpp">
      <Filter>源文件</Filter>
    </ClCompile>
    <ClCompile Include="spine-cpp\src\spine\Event.cpp">
      <Filter>源文件</Filter>
    </ClCompile>
    <ClCompile Include="spine-cpp\src\spine\EventData.cpp">
      <Filter>源文件</Filter>
    </ClCompile>
    <ClCompile Include="spine-cpp\src\spine\EventTimeline.cpp">
      <Filter>源文件</Filter>
    </ClCompile>
    <ClCompile Include="spine-cpp\src\spine\Extension.cpp">
      <Filter>源文件</Filter>
    </ClCompile>
    <ClCompile Include="spine-cpp\src\spine\IkConstraint.cpp">
      <Filter>源文件</Filter>
    </ClCompile>
    <ClCompile Include="spine-cpp\src\spine\IkConstraintData.cpp">
      <Filter>源文件</Filter>
    </ClCompile>
    <ClCompile Include="spine-cpp\src\spine\IkConstraintTimeline.cpp">
      <Filter>源文件</Filter>
    </ClCompile>
    <ClCompile Include="spine-cpp\src\spine\Json.cpp">
      <Filter>源文件</Filter>
    </ClCompile>
    <ClCompile Include="spine-cpp\src\spine\LinkedMesh.cpp">
      <Filter>源文件</Filter>
    </ClCompile>
    <ClCompile Include="spine-cpp\src\spine\MathUtil.cpp">
      <Filter>源文件</Filter>
    </ClCompile>
    <ClCompile Include="spine-cpp\src\spine\MeshAttachment.cpp">
      <Filter>源文件</Filter>
    </ClCompile>
    <ClCompile Include="spine-cpp\src\spine\PathAttachment.cpp">
      <Filter>源文件</Filter>
    </ClCompile>
    <ClCompile Include="spine-cpp\src\spine\PathConstraint.cpp">
      <Filter>源文件</Filter>
    </ClCompile>
    <ClCompile Include="spine-cpp\src\spine\PathConstraintData.cpp">
      <Filter>源文件</Filter>
    </ClCompile>
    <ClCompile Include="spine-cpp\src\spine\PathConstraintMixTimeline.cpp">
      <Filter>源文件</Filter>
    </ClCompile>
    <ClCompile Include="spine-cpp\src\spine\PathConstraintPositionTimeline.cpp">
      <Filter>源文件</Filter>
    </ClCompile>
    <ClCompile Include="spine-cpp\src\spine\PathConstraintSpacingTimeline.cpp">
      <Filter>源文件</Filter>
    </ClCompile>
    <ClCompile Include="spine-cpp\src\spine\PointAttachment.cpp">
      <Filter>源文件</Filter>
    </ClCompile>
    <ClCompile Include="spine-cpp\src\spine\RegionAttachment.cpp">
      <Filter>源文件</Filter>
    </ClCompile>
    <ClCompile Include="spine-cpp\src\spine\RotateTimeline.cpp">
      <Filter>源文件</Filter>
    </ClCompile>
    <ClCompile Include="spine-cpp\src\spine\RTTI.cpp">
      <Filter>源文件</Filter>
    </ClCompile>
    <ClCompile Include="spine-cpp\src\spine\ScaleTimeline.cpp">
      <Filter>源文件</Filter>
    </ClCompile>
    <ClCompile Include="spine-cpp\src\spine\ShearTimeline.cpp">
      <Filter>源文件</Filter>
    </ClCompile>
    <ClCompile Include="spine-cpp\src\spine\Skeleton.cpp">
      <Filter>源文件</Filter>
    </ClCompile>
    <ClCompile Include="spine-cpp\src\spine\SkeletonBinary.cpp">
      <Filter>源文件</Filter>
    </ClCompile>
    <ClCompile Include="spine-cpp\src\spine\SkeletonBounds.cpp">
      <Filter>源文件</Filter>
    </ClCompile>
    <ClCompile Include="spine-cpp\src\spine\SkeletonClipping.cpp">
      <Filter>源文件</Filter>
    </ClCompile>
    <ClCompile Include="spine-cpp\src\spine\SkeletonData.cpp">
      <Filter>源文件</Filter>
    </ClCompile>
    <ClCompile Include="spine-cpp\src\spine\SkeletonJson.cpp">
      <Filter>源文件</Filter>
    </ClCompile>
    <ClCompile Include="spine-cpp\src\spine\Skin.cpp">
      <Filter>源文件</Filter>
    </ClCompile>
    <ClCompile Include="spine-cpp\src\spine\Slot.cpp">
      <Filter>源文件</Filter>
    </ClCompile>
    <ClCompile Include="spine-cpp\src\spine\SlotData.cpp">
      <Filter>源文件</Filter>
    </ClCompile>
    <ClCompile Include="spine-cpp\src\spine\SpineObject.cpp">
      <Filter>源文件</Filter>
    </ClCompile>
    <ClCompile Include="spine-cpp\src\spine\TextureLoader.cpp">
      <Filter>源文件</Filter>
    </ClCompile>
    <ClCompile Include="spine-cpp\src\spine\Timeline.cpp">
      <Filter>源文件</Filter>
    </ClCompile>
    <ClCompile Include="spine-cpp\src\spine\TransformConstraint.cpp">
      <Filter>源文件</Filter>
    </ClCompile>
    <ClCompile Include="spine-cpp\src\spine\TransformConstraintData.cpp">
      <Filter>源文件</Filter>
    </ClCompile>
    <ClCompile Include="spine-cpp\src\spine\TransformConstraintTimeline.cpp">
      <Filter>源文件</Filter>
    </ClCompile>
    <ClCompile Include="spine-cpp\src\spine\TranslateTimeline.cpp">
      <Filter>源文件</Filter>
    </ClCompile>
    <ClCompile Include="spine-cpp\src\spine\Triangulator.cpp">
      <Filter>源文件</Filter>
    </ClCompile>
    <ClCompile Include="spine-cpp\src\spine\TwoColorTimeline.cpp">
      <Filter>源文件</Filter>
    </ClCompile>
    <ClCompile Include="spine-cpp\src\spine\Updatable.cpp">
      <Filter>源文件</Filter>
    </ClCompile>
    <ClCompile Include="spine-cpp\src\spine\VertexAttachment.cpp">
      <Filter>源文件</Filter>
    </ClCompile>
    <ClCompile Include="spine-cpp\src\spine\VertexEffect.cpp">
      <Filter>源文件</Filter>
    </ClCompile>
    <ClCompile Include="spineInterface\spine.cpp">
      <Filter>源文件</Filter>
    </ClCompile>
  </ItemGroup>
</Project>